# This file is generated by running "yarn install" inside your project.
# Manual changes might be lost - proceed with caution!

__metadata:
  version: 6
  cacheKey: 8

"@madatdata/base-client@npm:0.0.4":
  version: 0.0.4
  resolution: "@madatdata/base-client@npm:0.0.4"
  peerDependencies:
    typescript: "*"
  peerDependenciesMeta:
    typescript:
      optional: true
  checksum: 7bab89b503d195ab69ee957b938d81827a9372be8a330de7742cb063c5624764dd9cccf10d958f7552329d7ae3bb3402a28bea4498d0d19d4da2eca708eee8d0
  languageName: node
  linkType: hard

"@madatdata/base-db@npm:0.0.4":
  version: 0.0.4
  resolution: "@madatdata/base-db@npm:0.0.4"
  dependencies:
    "@madatdata/base-client": 0.0.4
  peerDependencies:
    typescript: "*"
  peerDependenciesMeta:
    typescript:
      optional: true
  checksum: 24ce9bfb250f53abb067d1cbb987d25f59163becacedfcaed496d8ce47e542f3947e07255c4dccba1af94c8946d433e1060d167f855bda98da30bf480033fb88
  languageName: node
  linkType: hard

"@madatdata/client-http@npm:0.0.4":
  version: 0.0.4
  resolution: "@madatdata/client-http@npm:0.0.4"
  dependencies:
    "@madatdata/base-client": 0.0.4
  peerDependencies:
    cross-fetch: "*"
  peerDependenciesMeta:
    cross-fetch:
      optional: true
  checksum: 550bf6456f7f268cb63cad6f533fca4a9b7de9a33cd01b0468d19441ce86ae5e20c88a192e5113526d02f5f7b359675dafc3bd9dfcf8a41895b2bdb2641270ef
  languageName: node
  linkType: hard

"@madatdata/core@npm:0.0.4":
  version: 0.0.4
  resolution: "@madatdata/core@npm:0.0.4"
  dependencies:
    "@madatdata/base-client": 0.0.4
    "@madatdata/base-db": 0.0.4
    "@madatdata/client-http": 0.0.4
    "@madatdata/db-splitgraph": 0.0.4
  checksum: ba109ad01cdb04504209aaa4e972ed69675c4a996ab30fa2463bf7a91db46bc90d237a8a74619e582a9d19a93d1a155f7c92cf2513f92750273db3984a9d1f75
  languageName: node
  linkType: hard

"@madatdata/db-splitgraph@npm:0.0.4":
  version: 0.0.4
  resolution: "@madatdata/db-splitgraph@npm:0.0.4"
  dependencies:
    "@madatdata/base-client": 0.0.4
    "@madatdata/base-db": 0.0.4
    graphql: 16.5.0
    graphql-request: 4.3.0
    typescript-retry-decorator: 2.0.5
  checksum: 64dc806c16a5a3da212180ea17e5fec969f9c93d305785f313376b5f538884e64a123848c4e08b31c134cf3829bcaf1085b825977dcf5deccf3902445660895a
  languageName: node
  linkType: hard

"@madatdata/react@npm:latest":
  version: 0.0.4
  resolution: "@madatdata/react@npm:0.0.4"
  dependencies:
    "@madatdata/core": 0.0.4
  peerDependencies:
    react: ">=17 || >=18"
    react-dom: ">=17 || >=18"
  checksum: 087ac03088235f47d1806257f839a4459e05d848e4cee52b87e4a9711e226a792873af7ef0d3f1289cbf21cdeb31b683f9a02928bbab64ccaa9cba27db582033
  languageName: node
  linkType: hard

"@next/env@npm:12.2.2":
  version: 12.2.2
  resolution: "@next/env@npm:12.2.2"
  checksum: ea79db56b3af5076de9b02941e0226d8d68e179101e99cf3bb1a17fb980d30de781311c176ce3a87fc72b9598e311d18e5244e71c553b03875f2dbe27dffa864
  languageName: node
  linkType: hard

"@next/swc-android-arm-eabi@npm:12.2.2":
  version: 12.2.2
  resolution: "@next/swc-android-arm-eabi@npm:12.2.2"
  conditions: os=android & cpu=arm
  languageName: node
  linkType: hard

"@next/swc-android-arm64@npm:12.2.2":
  version: 12.2.2
  resolution: "@next/swc-android-arm64@npm:12.2.2"
  conditions: os=android & cpu=arm64
  languageName: node
  linkType: hard

"@next/swc-darwin-arm64@npm:12.2.2":
  version: 12.2.2
  resolution: "@next/swc-darwin-arm64@npm:12.2.2"
  conditions: os=darwin & cpu=arm64
  languageName: node
  linkType: hard

"@next/swc-darwin-x64@npm:12.2.2":
  version: 12.2.2
  resolution: "@next/swc-darwin-x64@npm:12.2.2"
  conditions: os=darwin & cpu=x64
  languageName: node
  linkType: hard

"@next/swc-freebsd-x64@npm:12.2.2":
  version: 12.2.2
  resolution: "@next/swc-freebsd-x64@npm:12.2.2"
  conditions: os=freebsd & cpu=x64
  languageName: node
  linkType: hard

"@next/swc-linux-arm-gnueabihf@npm:12.2.2":
  version: 12.2.2
  resolution: "@next/swc-linux-arm-gnueabihf@npm:12.2.2"
  conditions: os=linux & cpu=arm
  languageName: node
  linkType: hard

"@next/swc-linux-arm64-gnu@npm:12.2.2":
  version: 12.2.2
  resolution: "@next/swc-linux-arm64-gnu@npm:12.2.2"
  conditions: os=linux & cpu=arm64 & libc=glibc
  languageName: node
  linkType: hard

"@next/swc-linux-arm64-musl@npm:12.2.2":
  version: 12.2.2
  resolution: "@next/swc-linux-arm64-musl@npm:12.2.2"
  conditions: os=linux & cpu=arm64 & libc=musl
  languageName: node
  linkType: hard

"@next/swc-linux-x64-gnu@npm:12.2.2":
  version: 12.2.2
  resolution: "@next/swc-linux-x64-gnu@npm:12.2.2"
  conditions: os=linux & cpu=x64 & libc=glibc
  languageName: node
  linkType: hard

"@next/swc-linux-x64-musl@npm:12.2.2":
  version: 12.2.2
  resolution: "@next/swc-linux-x64-musl@npm:12.2.2"
  conditions: os=linux & cpu=x64 & libc=musl
  languageName: node
  linkType: hard

"@next/swc-win32-arm64-msvc@npm:12.2.2":
  version: 12.2.2
  resolution: "@next/swc-win32-arm64-msvc@npm:12.2.2"
  conditions: os=win32 & cpu=arm64
  languageName: node
  linkType: hard

"@next/swc-win32-ia32-msvc@npm:12.2.2":
  version: 12.2.2
  resolution: "@next/swc-win32-ia32-msvc@npm:12.2.2"
  conditions: os=win32 & cpu=ia32
  languageName: node
  linkType: hard

"@next/swc-win32-x64-msvc@npm:12.2.2":
  version: 12.2.2
  resolution: "@next/swc-win32-x64-msvc@npm:12.2.2"
  conditions: os=win32 & cpu=x64
  languageName: node
  linkType: hard

"@swc/helpers@npm:0.4.2":
  version: 0.4.2
  resolution: "@swc/helpers@npm:0.4.2"
  dependencies:
    tslib: ^2.4.0
  checksum: 0b8c86ad03b17b8fe57dc4498e25dc294ea6bc42558a6b92d8fcd789351dac80199409bef38a2e3ac06aae0fedddfc0ab9c34409acbf74e55d1bbbd74f68b6b7
  languageName: node
  linkType: hard

"@types/node@npm:^18.0.0":
  version: 18.0.3
  resolution: "@types/node@npm:18.0.3"
  checksum: 5dec59fbbc1186c808b53df1ca717dad034dbd6a901c75f5b052c845618b531b05f27217122c6254db99529a68618e4cfc534ae3dbf4e88754e9e572df80defa
  languageName: node
  linkType: hard

"@types/prop-types@npm:*":
  version: 15.7.5
  resolution: "@types/prop-types@npm:15.7.5"
  checksum: 5b43b8b15415e1f298243165f1d44390403bb2bd42e662bca3b5b5633fdd39c938e91b7fce3a9483699db0f7a715d08cef220c121f723a634972fdf596aec980
  languageName: node
  linkType: hard

"@types/react@npm:^18.0.14":
  version: 18.0.15
  resolution: "@types/react@npm:18.0.15"
  dependencies:
    "@types/prop-types": "*"
    "@types/scheduler": "*"
    csstype: ^3.0.2
  checksum: e22cc388d1c145aa184787e44dc28db4789976c704cd5db475c170bb76a560eb81def5f346cfe750949bb3d43ad88822b8cbb9f19b1286e3795892a8263e7715
  languageName: node
  linkType: hard

"@types/scheduler@npm:*":
  version: 0.16.2
  resolution: "@types/scheduler@npm:0.16.2"
  checksum: b6b4dcfeae6deba2e06a70941860fb1435730576d3689225a421280b7742318d1548b3d22c1f66ab68e414f346a9542f29240bc955b6332c5b11e561077583bc
  languageName: node
  linkType: hard

"asynckit@npm:^0.4.0":
  version: 0.4.0
  resolution: "asynckit@npm:0.4.0"
  checksum: 7b78c451df768adba04e2d02e63e2d0bf3b07adcd6e42b4cf665cb7ce899bedd344c69a1dcbce355b5f972d597b25aaa1c1742b52cffd9caccb22f348114f6be
  languageName: node
  linkType: hard

"caniuse-lite@npm:^1.0.30001332":
  version: 1.0.30001364
  resolution: "caniuse-lite@npm:1.0.30001364"
  checksum: 4765640fcc28acfd6f51742f2b315792df09648d3590fedcd1051cb5a5201c70df315aaff9bf29ad41bd1176926ce25d8b3b597c4f5bf6361c1f6c3d29250b15
  languageName: node
  linkType: hard

"combined-stream@npm:^1.0.8":
  version: 1.0.8
  resolution: "combined-stream@npm:1.0.8"
  dependencies:
    delayed-stream: ~1.0.0
  checksum: 49fa4aeb4916567e33ea81d088f6584749fc90c7abec76fd516bf1c5aa5c79f3584b5ba3de6b86d26ddd64bae5329c4c7479343250cfe71c75bb366eae53bb7c
  languageName: node
  linkType: hard

"cross-fetch@npm:^3.1.5":
  version: 3.1.5
  resolution: "cross-fetch@npm:3.1.5"
  dependencies:
    node-fetch: 2.6.7
  checksum: f6b8c6ee3ef993ace6277fd789c71b6acf1b504fd5f5c7128df4ef2f125a429e29cd62dc8c127523f04a5f2fa4771ed80e3f3d9695617f441425045f505cf3bb
  languageName: node
  linkType: hard

"csstype@npm:^3.0.2":
  version: 3.1.0
  resolution: "csstype@npm:3.1.0"
  checksum: 644e986cefab86525f0b674a06889cfdbb1f117e5b7d1ce0fc55b0423ecc58807a1ea42ecc75c4f18999d14fc42d1d255f84662a45003a52bb5840e977eb2ffd
  languageName: node
  linkType: hard

"delayed-stream@npm:~1.0.0":
  version: 1.0.0
  resolution: "delayed-stream@npm:1.0.0"
  checksum: 46fe6e83e2cb1d85ba50bd52803c68be9bd953282fa7096f51fc29edd5d67ff84ff753c51966061e5ba7cb5e47ef6d36a91924eddb7f3f3483b1c560f77a0020
  languageName: node
  linkType: hard

"extract-files@npm:^9.0.0":
  version: 9.0.0
  resolution: "extract-files@npm:9.0.0"
  checksum: c31781d090f8d8f62cc541f1023b39ea863f24bd6fb3d4011922d71cbded70cef8191f2b70b43ec6cb5c5907cdad1dc5e9f29f78228936c10adc239091d8ab64
  languageName: node
  linkType: hard

"form-data@npm:^3.0.0":
  version: 3.0.1
  resolution: "form-data@npm:3.0.1"
  dependencies:
    asynckit: ^0.4.0
    combined-stream: ^1.0.8
    mime-types: ^2.1.12
  checksum: b019e8d35c8afc14a2bd8a7a92fa4f525a4726b6d5a9740e8d2623c30e308fbb58dc8469f90415a856698933c8479b01646a9dff33c87cc4e76d72aedbbf860d
  languageName: node
  linkType: hard

"graphql-request@npm:4.3.0":
  version: 4.3.0
  resolution: "graphql-request@npm:4.3.0"
  dependencies:
    cross-fetch: ^3.1.5
    extract-files: ^9.0.0
    form-data: ^3.0.0
  peerDependencies:
    graphql: 14 - 16
  checksum: 3124afd01aee781cd5a2e9ac30063526b677a6754032566104fc36270b5f9be03f17a32e49f34c71ca968d533151550c37f7a0194d11c36ff59977bd73e2abc3
  languageName: node
  linkType: hard

"graphql@npm:16.5.0":
  version: 16.5.0
  resolution: "graphql@npm:16.5.0"
  checksum: a82a926d085818934d04fdf303a269af170e79de943678bd2726370a96194f9454ade9d6d76c2de69afbd7b9f0b4f8061619baecbbddbe82125860e675ac219e
  languageName: node
  linkType: hard

"js-tokens@npm:^3.0.0 || ^4.0.0":
  version: 4.0.0
  resolution: "js-tokens@npm:4.0.0"
  checksum: 8a95213a5a77deb6cbe94d86340e8d9ace2b93bc367790b260101d2f36a2eaf4e4e22d9fa9cf459b38af3a32fb4190e638024cf82ec95ef708680e405ea7cc78
  languageName: node
  linkType: hard

"loose-envify@npm:^1.1.0":
  version: 1.4.0
  resolution: "loose-envify@npm:1.4.0"
  dependencies:
    js-tokens: ^3.0.0 || ^4.0.0
  bin:
    loose-envify: cli.js
  checksum: 6517e24e0cad87ec9888f500c5b5947032cdfe6ef65e1c1936a0c48a524b81e65542c9c3edc91c97d5bddc806ee2a985dbc79be89215d613b1de5db6d1cfe6f4
  languageName: node
  linkType: hard

"mime-db@npm:1.52.0":
  version: 1.52.0
  resolution: "mime-db@npm:1.52.0"
  checksum: 0d99a03585f8b39d68182803b12ac601d9c01abfa28ec56204fa330bc9f3d1c5e14beb049bafadb3dbdf646dfb94b87e24d4ec7b31b7279ef906a8ea9b6a513f
  languageName: node
  linkType: hard

"mime-types@npm:^2.1.12":
  version: 2.1.35
  resolution: "mime-types@npm:2.1.35"
  dependencies:
    mime-db: 1.52.0
  checksum: 89a5b7f1def9f3af5dad6496c5ed50191ae4331cc5389d7c521c8ad28d5fdad2d06fd81baf38fed813dc4e46bb55c8145bb0ff406330818c9cf712fb2e9b3836
  languageName: node
  linkType: hard

"nanoid@npm:^3.1.30":
  version: 3.3.4
  resolution: "nanoid@npm:3.3.4"
  bin:
    nanoid: bin/nanoid.cjs
  checksum: 2fddd6dee994b7676f008d3ffa4ab16035a754f4bb586c61df5a22cf8c8c94017aadd360368f47d653829e0569a92b129979152ff97af23a558331e47e37cd9c
  languageName: node
  linkType: hard

"next@npm:latest":
  version: 12.2.2
  resolution: "next@npm:12.2.2"
  dependencies:
    "@next/env": 12.2.2
    "@next/swc-android-arm-eabi": 12.2.2
    "@next/swc-android-arm64": 12.2.2
    "@next/swc-darwin-arm64": 12.2.2
    "@next/swc-darwin-x64": 12.2.2
    "@next/swc-freebsd-x64": 12.2.2
    "@next/swc-linux-arm-gnueabihf": 12.2.2
    "@next/swc-linux-arm64-gnu": 12.2.2
    "@next/swc-linux-arm64-musl": 12.2.2
    "@next/swc-linux-x64-gnu": 12.2.2
    "@next/swc-linux-x64-musl": 12.2.2
    "@next/swc-win32-arm64-msvc": 12.2.2
    "@next/swc-win32-ia32-msvc": 12.2.2
    "@next/swc-win32-x64-msvc": 12.2.2
    "@swc/helpers": 0.4.2
    caniuse-lite: ^1.0.30001332
    postcss: 8.4.5
    styled-jsx: 5.0.2
    use-sync-external-store: 1.1.0
  peerDependencies:
    fibers: ">= 3.1.0"
    node-sass: ^6.0.0 || ^7.0.0
    react: ^17.0.2 || ^18.0.0-0
    react-dom: ^17.0.2 || ^18.0.0-0
    sass: ^1.3.0
  dependenciesMeta:
    "@next/swc-android-arm-eabi":
      optional: true
    "@next/swc-android-arm64":
      optional: true
    "@next/swc-darwin-arm64":
      optional: true
    "@next/swc-darwin-x64":
      optional: true
    "@next/swc-freebsd-x64":
      optional: true
    "@next/swc-linux-arm-gnueabihf":
      optional: true
    "@next/swc-linux-arm64-gnu":
      optional: true
    "@next/swc-linux-arm64-musl":
      optional: true
    "@next/swc-linux-x64-gnu":
      optional: true
    "@next/swc-linux-x64-musl":
      optional: true
    "@next/swc-win32-arm64-msvc":
      optional: true
    "@next/swc-win32-ia32-msvc":
      optional: true
    "@next/swc-win32-x64-msvc":
      optional: true
  peerDependenciesMeta:
    fibers:
      optional: true
    node-sass:
      optional: true
    sass:
      optional: true
  bin:
    next: dist/bin/next
  checksum: fb8ced6fb551c60c71a0fb8f443f0a15cd12aed0b1a21fbaba132c47863cccf7517dce8074b1572ba1f20c974d6e5329963a9c4fb89afe88fe22eb1505ba0db8
  languageName: node
  linkType: hard

"node-fetch@npm:2.6.7":
  version: 2.6.7
  resolution: "node-fetch@npm:2.6.7"
  dependencies:
    whatwg-url: ^5.0.0
  peerDependencies:
    encoding: ^0.1.0
  peerDependenciesMeta:
    encoding:
      optional: true
  checksum: 8d816ffd1ee22cab8301c7756ef04f3437f18dace86a1dae22cf81db8ef29c0bf6655f3215cb0cdb22b420b6fe141e64b26905e7f33f9377a7fa59135ea3e10b
  languageName: node
  linkType: hard

"picocolors@npm:^1.0.0":
  version: 1.0.0
  resolution: "picocolors@npm:1.0.0"
  checksum: a2e8092dd86c8396bdba9f2b5481032848525b3dc295ce9b57896f931e63fc16f79805144321f72976383fc249584672a75cc18d6777c6b757603f372f745981
  languageName: node
  linkType: hard

"postcss@npm:8.4.5":
  version: 8.4.5
  resolution: "postcss@npm:8.4.5"
  dependencies:
    nanoid: ^3.1.30
    picocolors: ^1.0.0
    source-map-js: ^1.0.1
  checksum: b78abdd89c10f7b48f4bdcd376104a19d6e9c7495ab521729bdb3df315af6c211360e9f06887ad3bc0ab0f61a04b91d68ea11462997c79cced58b9ccd66fac07
  languageName: node
  linkType: hard

"react-dom@npm:18.2.0":
  version: 18.2.0
  resolution: "react-dom@npm:18.2.0"
  dependencies:
    loose-envify: ^1.1.0
    scheduler: ^0.23.0
  peerDependencies:
    react: ^18.2.0
  checksum: 7d323310bea3a91be2965f9468d552f201b1c27891e45ddc2d6b8f717680c95a75ae0bc1e3f5cf41472446a2589a75aed4483aee8169287909fcd59ad149e8cc
  languageName: node
  linkType: hard

"react-nextjs-basic-hooks-f9e769@workspace:react-nextjs-basic-hooks":
  version: 0.0.0-use.local
  resolution: "react-nextjs-basic-hooks-f9e769@workspace:react-nextjs-basic-hooks"
  dependencies:
    "@madatdata/react": latest
    "@types/node": ^18.0.0
    "@types/react": ^18.0.14
    next: latest
    react: 18.2.0
    react-dom: 18.2.0
    typescript: ^4.7.4
  languageName: unknown
  linkType: soft

"react-nextjs-ssr-hooks-63304a@workspace:react-nextjs-ssr-hooks":
  version: 0.0.0-use.local
  resolution: "react-nextjs-ssr-hooks-63304a@workspace:react-nextjs-ssr-hooks"
  dependencies:
    "@types/node": ^18.0.0
    "@types/react": ^18.0.14
    next: latest
    react: 18.2.0
    react-dom: 18.2.0
    typescript: ^4.7.4
  languageName: unknown
  linkType: soft

"react@npm:18.2.0":
  version: 18.2.0
  resolution: "react@npm:18.2.0"
  dependencies:
    loose-envify: ^1.1.0
  checksum: 88e38092da8839b830cda6feef2e8505dec8ace60579e46aa5490fc3dc9bba0bd50336507dc166f43e3afc1c42939c09fe33b25fae889d6f402721dcd78fca1b
  languageName: node
  linkType: hard

"root-workspace-0b6124@workspace:.":
  version: 0.0.0-use.local
  resolution: "root-workspace-0b6124@workspace:."
  languageName: unknown
  linkType: soft

"scheduler@npm:^0.23.0":
  version: 0.23.0
  resolution: "scheduler@npm:0.23.0"
  dependencies:
    loose-envify: ^1.1.0
  checksum: d79192eeaa12abef860c195ea45d37cbf2bbf5f66e3c4dcd16f54a7da53b17788a70d109ee3d3dde1a0fd50e6a8fc171f4300356c5aee4fc0171de526bf35f8a
  languageName: node
  linkType: hard

"source-map-js@npm:^1.0.1":
  version: 1.0.2
  resolution: "source-map-js@npm:1.0.2"
  checksum: c049a7fc4deb9a7e9b481ae3d424cc793cb4845daa690bc5a05d428bf41bf231ced49b4cf0c9e77f9d42fdb3d20d6187619fc586605f5eabe995a316da8d377c
  languageName: node
  linkType: hard

"styled-jsx@npm:5.0.2":
  version: 5.0.2
  resolution: "styled-jsx@npm:5.0.2"
  peerDependencies:
    react: ">= 16.8.0 || 17.x.x || ^18.0.0-0"
  peerDependenciesMeta:
    "@babel/core":
      optional: true
    babel-plugin-macros:
      optional: true
  checksum: 86d55819ebeabd283a574d2f44f7d3f8fa6b8c28fa41687ece161bf1e910e04965611618921d8f5cd33dc6dae1033b926a70421ae5ea045440a9861edc3e0d87
  languageName: node
  linkType: hard

"tr46@npm:~0.0.3":
  version: 0.0.3
  resolution: "tr46@npm:0.0.3"
  checksum: 726321c5eaf41b5002e17ffbd1fb7245999a073e8979085dacd47c4b4e8068ff5777142fc6726d6ca1fd2ff16921b48788b87225cbc57c72636f6efa8efbffe3
  languageName: node
  linkType: hard

"tslib@npm:^2.4.0":
  version: 2.4.0
  resolution: "tslib@npm:2.4.0"
  checksum: 8c4aa6a3c5a754bf76aefc38026134180c053b7bd2f81338cb5e5ebf96fefa0f417bff221592bf801077f5bf990562f6264fecbc42cd3309b33872cb6fc3b113
  languageName: node
  linkType: hard

"typescript-retry-decorator@npm:2.0.5":
  version: 2.0.5
  resolution: "typescript-retry-decorator@npm:2.0.5"
  checksum: 0b81079a334c694b49494b08c505bf7d100ceb215e4433857c6c3cae2facfbb66a88905b2051542a12536497a51067e39abaf194c4409972a093b0a6122b8015
  languageName: node
  linkType: hard

"typescript@npm:^4.7.4":
  version: 4.7.4
  resolution: "typescript@npm:4.7.4"
  bin:
    tsc: bin/tsc
    tsserver: bin/tsserver
  checksum: 5750181b1cd7e6482c4195825547e70f944114fb47e58e4aa7553e62f11b3f3173766aef9c281783edfd881f7b8299cf35e3ca8caebe73d8464528c907a164df
  languageName: node
  linkType: hard

"typescript@patch:typescript@^4.7.4#~builtin<compat/typescript>":
  version: 4.7.4
  resolution: "typescript@patch:typescript@npm%3A4.7.4#~builtin<compat/typescript>::version=4.7.4&hash=7ad353"
  bin:
    tsc: bin/tsc
    tsserver: bin/tsserver
  checksum: 9096d8f6c16cb80ef3bf96fcbbd055bf1c4a43bd14f3b7be45a9fbe7ada46ec977f604d5feed3263b4f2aa7d4c7477ce5f9cd87de0d6feedec69a983f3a4f93e
  languageName: node
  linkType: hard

"use-sync-external-store@npm:1.1.0":
  version: 1.1.0
  resolution: "use-sync-external-store@npm:1.1.0"
  peerDependencies:
    react: ^16.8.0 || ^17.0.0 || ^18.0.0
  checksum: 8993a0b642f91d7fcdbb02b7b3ac984bd3af4769686f38291fe7fcfe73dfb73d6c64d20dfb7e5e7fbf5a6da8f5392d6f8e5b00c243a04975595946e82c02b883
  languageName: node
  linkType: hard

"webidl-conversions@npm:^3.0.0":
  version: 3.0.1
  resolution: "webidl-conversions@npm:3.0.1"
  checksum: c92a0a6ab95314bde9c32e1d0a6dfac83b578f8fa5f21e675bc2706ed6981bc26b7eb7e6a1fab158e5ce4adf9caa4a0aee49a52505d4d13c7be545f15021b17c
  languageName: node
  linkType: hard

"whatwg-url@npm:^5.0.0":
  version: 5.0.0
  resolution: "whatwg-url@npm:5.0.0"
  dependencies:
    tr46: ~0.0.3
    webidl-conversions: ^3.0.0
  checksum: b8daed4ad3356cc4899048a15b2c143a9aed0dfae1f611ebd55073310c7b910f522ad75d727346ad64203d7e6c79ef25eafd465f4d12775ca44b90fa82ed9e2c
  languageName: node
  linkType: hard
